
Microsoft Visual Studio Solution File, Format Version 12.00
# Visual Studio Version 17
VisualStudioVersion = 17.10.34916.146
MinimumVisualStudioVersion = 10.0.40219.1
Project("{FAE04EC0-301F-11D3-BF4B-00C04F79EFBC}") = "WPF_MathiasSchmit_ACT3bis", "WPF_MathiasSchmit_ACT3bis.csproj", "{4D29E2B1-C127-4E59-886C-772FC9349508}"
EndProject
Global
	GlobalSection(SolutionConfigurationPlatforms) = preSolution
		Debug|Any CPU = Debug|Any CPU
		Release|Any CPU = Release|Any CPU
	EndGlobalSection
	GlobalSection(ProjectConfigurationPlatforms) = postSolution
		{4D29E2B1-C127-4E59-886C-772FC9349508}.Debug|Any CPU.ActiveCfg = Debug|Any CPU
		{4D29E2B1-C127-4E59-886C-772FC9349508}.Debug|Any CPU.Build.0 = Debug|Any CPU
		{4D29E2B1-C127-4E59-886C-772FC9349508}.Release|Any CPU.ActiveCfg = Release|Any CPU
		{4D29E2B1-C127-4E59-886C-772FC9349508}.Release|Any CPU.Build.0 = Release|Any CPU
	EndGlobalSection
	GlobalSection(SolutionProperties) = preSolution
		HideSolutionNode = FALSE
	EndGlobalSection
	GlobalSection(ExtensibilityGlobals) = postSolution
		SolutionGuid = {E615A6FF-A51E-43A8-9CD0-DC2B61B896CD}
	EndGlobalSection
EndGlobal
